PODS:
  - MagicalRecord (2.3.2):
    - MagicalRecord/Core (= 2.3.2)
  - MagicalRecord/Core (2.3.2)
  - ObjectMapper (3.5.1)
  - SDWebImage (5.1.0):
    - SDWebImage/Core (= 5.1.0)
  - SDWebImage/Core (5.1.0)
  - SVProgressHUD (2.2.5)
  - VK-ios-sdk (1.4.6)

DEPENDENCIES:
  - MagicalRecord
  - ObjectMapper (~> 3.4)
  - SDWebImage
  - SVProgressHUD
  - VK-ios-sdk

SPEC REPOS:
  https://github.com/cocoapods/specs.git:
    - MagicalRecord
    - ObjectMapper
    - SDWebImage
    - SVProgressHUD
    - VK-ios-sdk

SPEC CHECKSUMS:
  MagicalRecord: 53bed74b4323b930992a725be713e53b37d19755
  ObjectMapper: 70187b8941977c62ccfb423caf6b50be405cabf0
  SDWebImage: fb387001955223213dde14bc08c8b73f371f8d8f
  SVProgressHUD: 1428aafac632c1f86f62aa4243ec12008d7a51d6
  VK-ios-sdk: 7fd48bc5aaa6b96c3197c1987eb6593f2ea67331

PODFILE CHECKSUM: 2d977eb848940a558b911cb89e6f2757c46d94ab

COCOAPODS: 1.6.1
