PODS:
  - Alamofire (4.8.2)
  - Google-Mobile-Ads-SDK (7.48.0):
    - GoogleAppMeasurement (~> 6.0)
  - GoogleAppMeasurement (6.1.0):
    - GoogleUtilities/AppDelegateSwizzler (~> 6.0)
    - GoogleUtilities/MethodSwizzler (~> 6.0)
    - GoogleUtilities/Network (~> 6.0)
    - "GoogleUtilities/NSData+zlib (~> 6.0)"
    - nanopb (~> 0.3)
  - GoogleUtilities/AppDelegateSwizzler (6.2.5):
    - GoogleUtilities/Environment
    - GoogleUtilities/Logger
    - GoogleUtilities/Network
  - GoogleUtilities/Environment (6.2.5)
  - GoogleUtilities/Logger (6.2.5):
    - GoogleUtilities/Environment
  - GoogleUtilities/MethodSwizzler (6.2.5):
    - GoogleUtilities/Logger
  - GoogleUtilities/Network (6.2.5):
    - GoogleUtilities/Logger
    - "GoogleUtilities/NSData+zlib"
    - GoogleUtilities/Reachability
  - "GoogleUtilities/NSData+zlib (6.2.5)"
  - GoogleUtilities/Reachability (6.2.5):
    - GoogleUtilities/Logger
  - MagicalRecord (2.3.2):
    - MagicalRecord/Core (= 2.3.2)
  - MagicalRecord/Core (2.3.2)
  - nanopb (0.3.901):
    - nanopb/decode (= 0.3.901)
    - nanopb/encode (= 0.3.901)
  - nanopb/decode (0.3.901)
  - nanopb/encode (0.3.901)
  - ObjectMapper (3.5.1)
  - SDWebImage (5.1.0):
    - SDWebImage/Core (= 5.1.0)
  - SDWebImage/Core (5.1.0)
  - SVProgressHUD (2.2.5)
  - VK-ios-sdk (1.4.6)

DEPENDENCIES:
  - Alamofire
  - Google-Mobile-Ads-SDK
  - MagicalRecord
  - ObjectMapper (~> 3.4)
  - SDWebImage
  - SVProgressHUD
  - VK-ios-sdk

SPEC REPOS:
  https://github.com/cocoapods/specs.git:
    - Alamofire
    - Google-Mobile-Ads-SDK
    - GoogleAppMeasurement
    - GoogleUtilities
    - MagicalRecord
    - nanopb
    - ObjectMapper
    - SDWebImage
    - SVProgressHUD
    - VK-ios-sdk

SPEC CHECKSUMS:
  Alamofire: ae5c501addb7afdbb13687d7f2f722c78734c2d3
  Google-Mobile-Ads-SDK: 709fa768c3ba8e8b260d8cb085c607097fd3f79d
  GoogleAppMeasurement: 47285fa897e5a125df56b9ef8750a1d81e4598a8
  GoogleUtilities: e7dc37039b19df7fe543479d3e4a02ac8d11bb69
  MagicalRecord: 53bed74b4323b930992a725be713e53b37d19755
  nanopb: 2901f78ea1b7b4015c860c2fdd1ea2fee1a18d48
  ObjectMapper: 70187b8941977c62ccfb423caf6b50be405cabf0
  SDWebImage: fb387001955223213dde14bc08c8b73f371f8d8f
  SVProgressHUD: 1428aafac632c1f86f62aa4243ec12008d7a51d6
  VK-ios-sdk: 7fd48bc5aaa6b96c3197c1987eb6593f2ea67331

PODFILE CHECKSUM: 75260d4b57ac3797283bfe8383e94343b1731aaf

COCOAPODS: 1.7.5
