// !$*UTF8*$!
{
	archiveVersion = 1;
	classes = {
	};
	objectVersion = 50;
	objects = {

/* Begin PBXBuildFile section */
		9E0A9F42142879384A9F71EF /* Pods_SocialCatalystSDK.framework in Frameworks */ = {isa = PBXBuildFile; fileRef = E24B9F100329713E5327249E /* Pods_SocialCatalystSDK.framework */; };
		C40FA36723008152004DBAD2 /* safari-reader-check.js in Resources */ = {isa = PBXBuildFile; fileRef = C40FA36423008152004DBAD2 /* safari-reader-check.js */; };
		C40FA36823008152004DBAD2 /* safari-reader.js in Resources */ = {isa = PBXBuildFile; fileRef = C40FA36523008152004DBAD2 /* safari-reader.js */; };
		C40FA36923008152004DBAD2 /* index.html in Resources */ = {isa = PBXBuildFile; fileRef = C40FA36623008152004DBAD2 /* index.html */; };
		C41A04F623001F4600349761 /* CommentCell.xib in Resources */ = {isa = PBXBuildFile; fileRef = C41A04F523001F4600349761 /* CommentCell.xib */; };
		C41A04F92300281400349761 /* PFWebViewController.m in Sources */ = {isa = PBXBuildFile; fileRef = C41A04F72300281400349761 /* PFWebViewController.m */; };
		C41A04FA2300281400349761 /* PFWebViewController.h in Headers */ = {isa = PBXBuildFile; fileRef = C41A04F82300281400349761 /* PFWebViewController.h */; settings = {ATTRIBUTES = (Public, ); }; };
		C41A04FE23002E6000349761 /* Main.storyboard in Resources */ = {isa = PBXBuildFile; fileRef = C41A04FD23002E6000349761 /* Main.storyboard */; };
		C4400F5822FF46CC003698ED /* SocialCatalystSDK.h in Headers */ = {isa = PBXBuildFile; fileRef = C4400F5622FF46CC003698ED /* SocialCatalystSDK.h */; settings = {ATTRIBUTES = (Public, ); }; };
		C4400F6122FF46EC003698ED /* ViewController.swift in Sources */ = {isa = PBXBuildFile; fileRef = C4218DB822F9EBAE00A643FD /* ViewController.swift */; };
		C4400F6222FF46EE003698ED /* JSONStringToAttachmentTypeTransform.swift in Sources */ = {isa = PBXBuildFile; fileRef = C4218DD222FB063400A643FD /* JSONStringToAttachmentTypeTransform.swift */; };
		C4400F6322FF46F3003698ED /* JSONStringToBackgroundTypeTransform.swift in Sources */ = {isa = PBXBuildFile; fileRef = C4AC9F6422FC3DCC0032BAEC /* JSONStringToBackgroundTypeTransform.swift */; };
		C4400F6422FF46F3003698ED /* JSONStringToImageTypeTransform.swift in Sources */ = {isa = PBXBuildFile; fileRef = C4AC9F9622FDA1110032BAEC /* JSONStringToImageTypeTransform.swift */; };
		C4400F6522FF46F3003698ED /* JSONIntToDocumentTypeTransform.swift in Sources */ = {isa = PBXBuildFile; fileRef = C4218DF622FB629900A643FD /* JSONIntToDocumentTypeTransform.swift */; };
		C4400F6622FF46F3003698ED /* JSONIntToWhoCanViewTypeTransform.swift in Sources */ = {isa = PBXBuildFile; fileRef = C4AC9F8422FD9A120032BAEC /* JSONIntToWhoCanViewTypeTransform.swift */; };
		C4400F6722FF46F3003698ED /* JSONIntToMemberStatusTransform.swift in Sources */ = {isa = PBXBuildFile; fileRef = C4AC9F9422FDA0670032BAEC /* JSONIntToMemberStatusTransform.swift */; };
		C4400F6822FF46F3003698ED /* JSONIntToAvailabilityTypeTransform.swift in Sources */ = {isa = PBXBuildFile; fileRef = C4400F4B22FF2B20003698ED /* JSONIntToAvailabilityTypeTransform.swift */; };
		C4400F6922FF46F9003698ED /* SocialCatalystSDK.swift in Sources */ = {isa = PBXBuildFile; fileRef = C4E0261722F4E1BE006BD403 /* SocialCatalystSDK.swift */; };
		C4400F6A22FF46F9003698ED /* VKManager.swift in Sources */ = {isa = PBXBuildFile; fileRef = C4AC425722F770720058EEBA /* VKManager.swift */; };
		C4400F6B22FF46F9003698ED /* DateManager.swift in Sources */ = {isa = PBXBuildFile; fileRef = C4AC425B22F77B540058EEBA /* DateManager.swift */; };
		C4400F6C22FF46F9003698ED /* CoreDataManager.swift in Sources */ = {isa = PBXBuildFile; fileRef = C4218DC422FA1ED900A643FD /* CoreDataManager.swift */; };
		C4400F6D22FF46F9003698ED /* DataModelManager.swift in Sources */ = {isa = PBXBuildFile; fileRef = C4218DCD22FAE51B00A643FD /* DataModelManager.swift */; };
		C4400F6E22FF46F9003698ED /* Config.swift in Sources */ = {isa = PBXBuildFile; fileRef = C4400F4D22FF3819003698ED /* Config.swift */; };
		C4400F6F22FF46FB003698ED /* ColorScheme.swift in Sources */ = {isa = PBXBuildFile; fileRef = C4E0261922F4E1FE006BD403 /* ColorScheme.swift */; };
		C4400F7022FF46FB003698ED /* SettingsScheme.swift in Sources */ = {isa = PBXBuildFile; fileRef = C4218DBA22F9EF0400A643FD /* SettingsScheme.swift */; };
		C4400F7322FF4703003698ED /* NewsVC.swift in Sources */ = {isa = PBXBuildFile; fileRef = C4E0261122F4AFA7006BD403 /* NewsVC.swift */; };
		C4400F7422FF4703003698ED /* AboutVC.swift in Sources */ = {isa = PBXBuildFile; fileRef = C4218DB422F9CE9100A643FD /* AboutVC.swift */; };
		C4400F7522FF4703003698ED /* FavouriteVC.swift in Sources */ = {isa = PBXBuildFile; fileRef = C4218DB622F9D2F700A643FD /* FavouriteVC.swift */; };
		C4400F7622FF4703003698ED /* CommentsVC.swift in Sources */ = {isa = PBXBuildFile; fileRef = C4218DE222FB08DE00A643FD /* CommentsVC.swift */; };
		C4400F7722FF4703003698ED /* PostVC.swift in Sources */ = {isa = PBXBuildFile; fileRef = C4218DE422FB08E800A643FD /* PostVC.swift */; };
		C4400F7822FF4707003698ED /* PostCell.swift in Sources */ = {isa = PBXBuildFile; fileRef = C4E0261322F4D88E006BD403 /* PostCell.swift */; };
		C4400F7922FF4707003698ED /* PostCell.xib in Resources */ = {isa = PBXBuildFile; fileRef = C4E0261422F4D88E006BD403 /* PostCell.xib */; };
		C4400F7A22FF4707003698ED /* CommentCell.swift in Sources */ = {isa = PBXBuildFile; fileRef = C4218DEA22FB16BD00A643FD /* CommentCell.swift */; };
		C4400F7C22FF4707003698ED /* MediaAttachmentCell.swift in Sources */ = {isa = PBXBuildFile; fileRef = C4AC9F7E22FD928B0032BAEC /* MediaAttachmentCell.swift */; };
		C4400F7D22FF4707003698ED /* MediaAttachmentCell.xib in Resources */ = {isa = PBXBuildFile; fileRef = C4AC9F7F22FD928B0032BAEC /* MediaAttachmentCell.xib */; };
		C4400F7E22FF470D003698ED /* ArrayModel.swift in Sources */ = {isa = PBXBuildFile; fileRef = C4218DD022FB05FE00A643FD /* ArrayModel.swift */; };
		C4400F7F22FF470D003698ED /* PostModel.swift in Sources */ = {isa = PBXBuildFile; fileRef = C4E0261E22F4E584006BD403 /* PostModel.swift */; };
		C4400F8022FF470D003698ED /* CommentsModel.swift in Sources */ = {isa = PBXBuildFile; fileRef = C4218DD622FB081300A643FD /* CommentsModel.swift */; };
		C4400F8122FF470D003698ED /* CommentModel.swift in Sources */ = {isa = PBXBuildFile; fileRef = C4218DD422FB073B00A643FD /* CommentModel.swift */; };
		C4400F8222FF470D003698ED /* LikesModel.swift in Sources */ = {isa = PBXBuildFile; fileRef = C4218DD822FB082900A643FD /* LikesModel.swift */; };
		C4400F8322FF470D003698ED /* RepostsModel.swift in Sources */ = {isa = PBXBuildFile; fileRef = C4218DDA22FB083E00A643FD /* RepostsModel.swift */; };
		C4400F8422FF470D003698ED /* PhotoModel.swift in Sources */ = {isa = PBXBuildFile; fileRef = C4218DDC22FB085800A643FD /* PhotoModel.swift */; };
		C4400F8522FF470D003698ED /* LinkModel.swift in Sources */ = {isa = PBXBuildFile; fileRef = C4218DDE22FB086F00A643FD /* LinkModel.swift */; };
		C4400F8622FF470D003698ED /* AttachmentModel.swift in Sources */ = {isa = PBXBuildFile; fileRef = C4218DE022FB088800A643FD /* AttachmentModel.swift */; };
		C4400F8722FF470D003698ED /* PostedPhotoModel.swift in Sources */ = {isa = PBXBuildFile; fileRef = C4400F3922FF275B003698ED /* PostedPhotoModel.swift */; };
		C4400F8822FF470D003698ED /* GraffitiModel.swift in Sources */ = {isa = PBXBuildFile; fileRef = C4400F3B22FF27B1003698ED /* GraffitiModel.swift */; };
		C4400F8922FF470D003698ED /* AppModel.swift in Sources */ = {isa = PBXBuildFile; fileRef = C4400F3D22FF2823003698ED /* AppModel.swift */; };
		C4400F8A22FF470D003698ED /* ProfileModel.swift in Sources */ = {isa = PBXBuildFile; fileRef = C4218DE622FB0FF800A643FD /* ProfileModel.swift */; };
		C4400F8B22FF470D003698ED /* GroupModel.swift in Sources */ = {isa = PBXBuildFile; fileRef = C4218DE822FB114F00A643FD /* GroupModel.swift */; };
		C4400F8C22FF470D003698ED /* VideoModel.swift in Sources */ = {isa = PBXBuildFile; fileRef = C4218DF022FB5F7E00A643FD /* VideoModel.swift */; };
		C4400F8D22FF470D003698ED /* AudioModel.swift in Sources */ = {isa = PBXBuildFile; fileRef = C4218DF222FB611000A643FD /* AudioModel.swift */; };
		C4400F8E22FF470D003698ED /* DocumentModel.swift in Sources */ = {isa = PBXBuildFile; fileRef = C4218DF422FB61F600A643FD /* DocumentModel.swift */; };
		C4400F8F22FF470D003698ED /* PreviewModel.swift in Sources */ = {isa = PBXBuildFile; fileRef = C4AC9F9822FDA1780032BAEC /* PreviewModel.swift */; };
		C4400F9022FF470D003698ED /* AudioMessageModel.swift in Sources */ = {isa = PBXBuildFile; fileRef = C4AC9F9A22FDA1BA0032BAEC /* AudioMessageModel.swift */; };
		C4400F9122FF470D003698ED /* NoteModel.swift in Sources */ = {isa = PBXBuildFile; fileRef = C4218DFA22FB674300A643FD /* NoteModel.swift */; };
		C4400F9222FF470D003698ED /* PollModel.swift in Sources */ = {isa = PBXBuildFile; fileRef = C4218DFC22FB6A0A00A643FD /* PollModel.swift */; };
		C4400F9322FF470D003698ED /* AnswerModel.swift in Sources */ = {isa = PBXBuildFile; fileRef = C4218DFE22FB6ADE00A643FD /* AnswerModel.swift */; };
		C4400F9422FF470D003698ED /* BackgroundModel.swift in Sources */ = {isa = PBXBuildFile; fileRef = C4AC9F6222FC3D110032BAEC /* BackgroundModel.swift */; };
		C4400F9522FF470D003698ED /* PageModel.swift in Sources */ = {isa = PBXBuildFile; fileRef = C4AC9F8222FD98F00032BAEC /* PageModel.swift */; };
		C4400F9622FF470D003698ED /* AlbumModel.swift in Sources */ = {isa = PBXBuildFile; fileRef = C4AC9F8622FD9B020032BAEC /* AlbumModel.swift */; };
		C4400F9722FF470D003698ED /* MarketItemModel.swift in Sources */ = {isa = PBXBuildFile; fileRef = C4400F3F22FF299C003698ED /* MarketItemModel.swift */; };
		C4400F9822FF470D003698ED /* PriceModel.swift in Sources */ = {isa = PBXBuildFile; fileRef = C4400F4122FF29C4003698ED /* PriceModel.swift */; };
		C4400F9922FF470D003698ED /* CurrencyModel.swift in Sources */ = {isa = PBXBuildFile; fileRef = C4400F4322FF29EE003698ED /* CurrencyModel.swift */; };
		C4400F9A22FF470D003698ED /* CategoryMarketItemModel.swift in Sources */ = {isa = PBXBuildFile; fileRef = C4400F4722FF2A50003698ED /* CategoryMarketItemModel.swift */; };
		C4400F9B22FF470D003698ED /* SectionModel.swift in Sources */ = {isa = PBXBuildFile; fileRef = C4400F4922FF2A7F003698ED /* SectionModel.swift */; };
		C4400F9C22FF470D003698ED /* MarketAlbumModel.swift in Sources */ = {isa = PBXBuildFile; fileRef = C4AC9F8822FD9D7E0032BAEC /* MarketAlbumModel.swift */; };
		C4400F9D22FF470D003698ED /* StickerModel.swift in Sources */ = {isa = PBXBuildFile; fileRef = C4AC9F8A22FD9DF00032BAEC /* StickerModel.swift */; };
		C4400F9E22FF470D003698ED /* ImageModel.swift in Sources */ = {isa = PBXBuildFile; fileRef = C4AC9F8C22FD9E1E0032BAEC /* ImageModel.swift */; };
		C4400F9F22FF470D003698ED /* PrettyCardsModel.swift in Sources */ = {isa = PBXBuildFile; fileRef = C4AC9F8E22FD9E800032BAEC /* PrettyCardsModel.swift */; };
		C4400FA022FF470D003698ED /* PrettyCardModel.swift in Sources */ = {isa = PBXBuildFile; fileRef = C4AC9F9022FD9EAF0032BAEC /* PrettyCardModel.swift */; };
		C4400FA122FF470D003698ED /* EventModel.swift in Sources */ = {isa = PBXBuildFile; fileRef = C4AC9F9222FD9FBE0032BAEC /* EventModel.swift */; };
		C4400FA322FF471C003698ED /* String+extension.swift in Sources */ = {isa = PBXBuildFile; fileRef = C4AC425922F77A980058EEBA /* String+extension.swift */; };
		C4400FA422FF4721003698ED /* Assets.xcassets in Resources */ = {isa = PBXBuildFile; fileRef = C4E0260622F49B20006BD403 /* Assets.xcassets */; };
		C4400FA522FF4723003698ED /* Model.xcdatamodeld in Sources */ = {isa = PBXBuildFile; fileRef = C4218DC122FA1D8E00A643FD /* Model.xcdatamodeld */; };
/* End PBXBuildFile section */

/* Begin PBXFileReference section */
		612F92024F04B3F7D91FAA03 /* Pods-SocialCatalyst.release.xcconfig */ = {isa = PBXFileReference; includeInIndex = 1; lastKnownFileType = text.xcconfig; name = "Pods-SocialCatalyst.release.xcconfig"; path = "Target Support Files/Pods-SocialCatalyst/Pods-SocialCatalyst.release.xcconfig"; sourceTree = "<group>"; };
		763C0123A523858E8CDD0684 /* Pods_SocialCatalyst.framework */ = {isa = PBXFileReference; explicitFileType = wrapper.framework; includeInIndex = 0; path = Pods_SocialCatalyst.framework; sourceTree = BUILT_PRODUCTS_DIR; };
		7C4CFEB7849BD73DF2642478 /* Pods-SocialCatalyst.debug.xcconfig */ = {isa = PBXFileReference; includeInIndex = 1; lastKnownFileType = text.xcconfig; name = "Pods-SocialCatalyst.debug.xcconfig"; path = "Target Support Files/Pods-SocialCatalyst/Pods-SocialCatalyst.debug.xcconfig"; sourceTree = "<group>"; };
		9572057A6751E32C22D0FE33 /* Pods-SocialCatalystSDK.debug.xcconfig */ = {isa = PBXFileReference; includeInIndex = 1; lastKnownFileType = text.xcconfig; name = "Pods-SocialCatalystSDK.debug.xcconfig"; path = "Target Support Files/Pods-SocialCatalystSDK/Pods-SocialCatalystSDK.debug.xcconfig"; sourceTree = "<group>"; };
		987226A26A3F93F45AFC430C /* Pods-SocialCatalystSDK.release.xcconfig */ = {isa = PBXFileReference; includeInIndex = 1; lastKnownFileType = text.xcconfig; name = "Pods-SocialCatalystSDK.release.xcconfig"; path = "Target Support Files/Pods-SocialCatalystSDK/Pods-SocialCatalystSDK.release.xcconfig"; sourceTree = "<group>"; };
		ABC2492168D1C2A85EAAA977 /* Pods_SocialCatalyst_OneSignalNotificationServiceExtension.framework */ = {isa = PBXFileReference; explicitFileType = wrapper.framework; includeInIndex = 0; path = Pods_SocialCatalyst_OneSignalNotificationServiceExtension.framework; sourceTree = BUILT_PRODUCTS_DIR; };
		C40FA36423008152004DBAD2 /* safari-reader-check.js */ = {isa = PBXFileReference; fileEncoding = 4; lastKnownFileType = sourcecode.javascript; path = "safari-reader-check.js"; sourceTree = "<group>"; };
		C40FA36523008152004DBAD2 /* safari-reader.js */ = {isa = PBXFileReference; fileEncoding = 4; lastKnownFileType = sourcecode.javascript; path = "safari-reader.js"; sourceTree = "<group>"; };
		C40FA36623008152004DBAD2 /* index.html */ = {isa = PBXFileReference; fileEncoding = 4; lastKnownFileType = text.html; path = index.html; sourceTree = "<group>"; };
		C41A04E22300163800349761 /* FBSDKCoreKit.framework */ = {isa = PBXFileReference; explicitFileType = wrapper.framework; path = FBSDKCoreKit.framework; sourceTree = BUILT_PRODUCTS_DIR; };
		C41A04E42300163800349761 /* MagicalRecord.framework */ = {isa = PBXFileReference; explicitFileType = wrapper.framework; path = MagicalRecord.framework; sourceTree = BUILT_PRODUCTS_DIR; };
		C41A04E62300163800349761 /* ObjectMapper.framework */ = {isa = PBXFileReference; explicitFileType = wrapper.framework; path = ObjectMapper.framework; sourceTree = BUILT_PRODUCTS_DIR; };
		C41A04E82300163D00349761 /* SDWebImage.framework */ = {isa = PBXFileReference; explicitFileType = wrapper.framework; path = SDWebImage.framework; sourceTree = BUILT_PRODUCTS_DIR; };
		C41A04EA2300163D00349761 /* SVProgressHUD.framework */ = {isa = PBXFileReference; explicitFileType = wrapper.framework; path = SVProgressHUD.framework; sourceTree = BUILT_PRODUCTS_DIR; };
		C41A04EC2300163D00349761 /* VK_ios_sdk.framework */ = {isa = PBXFileReference; explicitFileType = wrapper.framework; path = VK_ios_sdk.framework; sourceTree = BUILT_PRODUCTS_DIR; };
		C41A04F523001F4600349761 /* CommentCell.xib */ = {isa = PBXFileReference; fileEncoding = 4; lastKnownFileType = file.xib; path = CommentCell.xib; sourceTree = "<group>"; };
		C41A04F72300281400349761 /* PFWebViewController.m */ = {isa = PBXFileReference; fileEncoding = 4; lastKnownFileType = sourcecode.c.objc; name = PFWebViewController.m; path = SocialCatalystSDK/Reader/PFWebViewController.m; sourceTree = "<group>"; };
		C41A04F82300281400349761 /* PFWebViewController.h */ = {isa = PBXFileReference; fileEncoding = 4; lastKnownFileType = sourcecode.c.h; name = PFWebViewController.h; path = SocialCatalystSDK/Reader/PFWebViewController.h; sourceTree = "<group>"; };
		C41A04FD23002E6000349761 /* Main.storyboard */ = {isa = PBXFileReference; fileEncoding = 4; lastKnownFileType = file.storyboard; path = Main.storyboard; sourceTree = "<group>"; };
		C4218DB422F9CE9100A643FD /* AboutVC.swift */ = {isa = PBXFileReference; fileEncoding = 4; lastKnownFileType = sourcecode.swift; path = AboutVC.swift; sourceTree = "<group>"; };
		C4218DB622F9D2F700A643FD /* FavouriteVC.swift */ = {isa = PBXFileReference; lastKnownFileType = sourcecode.swift; path = FavouriteVC.swift; sourceTree = "<group>"; };
		C4218DB822F9EBAE00A643FD /* ViewController.swift */ = {isa = PBXFileReference; lastKnownFileType = sourcecode.swift; path = ViewController.swift; sourceTree = "<group>"; };
		C4218DBA22F9EF0400A643FD /* SettingsScheme.swift */ = {isa = PBXFileReference; lastKnownFileType = sourcecode.swift; path = SettingsScheme.swift; sourceTree = "<group>"; };
		C4218DC222FA1D8E00A643FD /* Model.xcdatamodel */ = {isa = PBXFileReference; lastKnownFileType = wrapper.xcdatamodel; path = Model.xcdatamodel; sourceTree = "<group>"; };
		C4218DC422FA1ED900A643FD /* CoreDataManager.swift */ = {isa = PBXFileReference; lastKnownFileType = sourcecode.swift; path = CoreDataManager.swift; sourceTree = "<group>"; };
		C4218DCD22FAE51B00A643FD /* DataModelManager.swift */ = {isa = PBXFileReference; lastKnownFileType = sourcecode.swift; path = DataModelManager.swift; sourceTree = "<group>"; };
		C4218DD022FB05FE00A643FD /* ArrayModel.swift */ = {isa = PBXFileReference; lastKnownFileType = sourcecode.swift; path = ArrayModel.swift; sourceTree = "<group>"; };
		C4218DD222FB063400A643FD /* JSONStringToAttachmentTypeTransform.swift */ = {isa = PBXFileReference; lastKnownFileType = sourcecode.swift; path = JSONStringToAttachmentTypeTransform.swift; sourceTree = "<group>"; };
		C4218DD422FB073B00A643FD /* CommentModel.swift */ = {isa = PBXFileReference; lastKnownFileType = sourcecode.swift; path = CommentModel.swift; sourceTree = "<group>"; };
		C4218DD622FB081300A643FD /* CommentsModel.swift */ = {isa = PBXFileReference; lastKnownFileType = sourcecode.swift; path = CommentsModel.swift; sourceTree = "<group>"; };
		C4218DD822FB082900A643FD /* LikesModel.swift */ = {isa = PBXFileReference; lastKnownFileType = sourcecode.swift; path = LikesModel.swift; sourceTree = "<group>"; };
		C4218DDA22FB083E00A643FD /* RepostsModel.swift */ = {isa = PBXFileReference; lastKnownFileType = sourcecode.swift; path = RepostsModel.swift; sourceTree = "<group>"; };
		C4218DDC22FB085800A643FD /* PhotoModel.swift */ = {isa = PBXFileReference; lastKnownFileType = sourcecode.swift; path = PhotoModel.swift; sourceTree = "<group>"; };
		C4218DDE22FB086F00A643FD /* LinkModel.swift */ = {isa = PBXFileReference; lastKnownFileType = sourcecode.swift; path = LinkModel.swift; sourceTree = "<group>"; };
		C4218DE022FB088800A643FD /* AttachmentModel.swift */ = {isa = PBXFileReference; lastKnownFileType = sourcecode.swift; path = AttachmentModel.swift; sourceTree = "<group>"; };
		C4218DE222FB08DE00A643FD /* CommentsVC.swift */ = {isa = PBXFileReference; lastKnownFileType = sourcecode.swift; path = CommentsVC.swift; sourceTree = "<group>"; };
		C4218DE422FB08E800A643FD /* PostVC.swift */ = {isa = PBXFileReference; lastKnownFileType = sourcecode.swift; path = PostVC.swift; sourceTree = "<group>"; };
		C4218DE622FB0FF800A643FD /* ProfileModel.swift */ = {isa = PBXFileReference; lastKnownFileType = sourcecode.swift; path = ProfileModel.swift; sourceTree = "<group>"; };
		C4218DE822FB114F00A643FD /* GroupModel.swift */ = {isa = PBXFileReference; lastKnownFileType = sourcecode.swift; path = GroupModel.swift; sourceTree = "<group>"; };
		C4218DEA22FB16BD00A643FD /* CommentCell.swift */ = {isa = PBXFileReference; lastKnownFileType = sourcecode.swift; path = CommentCell.swift; sourceTree = "<group>"; };
		C4218DF022FB5F7E00A643FD /* VideoModel.swift */ = {isa = PBXFileReference; lastKnownFileType = sourcecode.swift; path = VideoModel.swift; sourceTree = "<group>"; };
		C4218DF222FB611000A643FD /* AudioModel.swift */ = {isa = PBXFileReference; lastKnownFileType = sourcecode.swift; path = AudioModel.swift; sourceTree = "<group>"; };
		C4218DF422FB61F600A643FD /* DocumentModel.swift */ = {isa = PBXFileReference; lastKnownFileType = sourcecode.swift; path = DocumentModel.swift; sourceTree = "<group>"; };
		C4218DF622FB629900A643FD /* JSONIntToDocumentTypeTransform.swift */ = {isa = PBXFileReference; lastKnownFileType = sourcecode.swift; path = JSONIntToDocumentTypeTransform.swift; sourceTree = "<group>"; };
		C4218DFA22FB674300A643FD /* NoteModel.swift */ = {isa = PBXFileReference; lastKnownFileType = sourcecode.swift; path = NoteModel.swift; sourceTree = "<group>"; };
		C4218DFC22FB6A0A00A643FD /* PollModel.swift */ = {isa = PBXFileReference; lastKnownFileType = sourcecode.swift; path = PollModel.swift; sourceTree = "<group>"; };
		C4218DFE22FB6ADE00A643FD /* AnswerModel.swift */ = {isa = PBXFileReference; lastKnownFileType = sourcecode.swift; path = AnswerModel.swift; sourceTree = "<group>"; };
		C4400F3922FF275B003698ED /* PostedPhotoModel.swift */ = {isa = PBXFileReference; lastKnownFileType = sourcecode.swift; path = PostedPhotoModel.swift; sourceTree = "<group>"; };
		C4400F3B22FF27B1003698ED /* GraffitiModel.swift */ = {isa = PBXFileReference; lastKnownFileType = sourcecode.swift; path = GraffitiModel.swift; sourceTree = "<group>"; };
		C4400F3D22FF2823003698ED /* AppModel.swift */ = {isa = PBXFileReference; lastKnownFileType = sourcecode.swift; path = AppModel.swift; sourceTree = "<group>"; };
		C4400F3F22FF299C003698ED /* MarketItemModel.swift */ = {isa = PBXFileReference; lastKnownFileType = sourcecode.swift; path = MarketItemModel.swift; sourceTree = "<group>"; };
		C4400F4122FF29C4003698ED /* PriceModel.swift */ = {isa = PBXFileReference; lastKnownFileType = sourcecode.swift; path = PriceModel.swift; sourceTree = "<group>"; };
		C4400F4322FF29EE003698ED /* CurrencyModel.swift */ = {isa = PBXFileReference; lastKnownFileType = sourcecode.swift; path = CurrencyModel.swift; sourceTree = "<group>"; };
		C4400F4722FF2A50003698ED /* CategoryMarketItemModel.swift */ = {isa = PBXFileReference; lastKnownFileType = sourcecode.swift; path = CategoryMarketItemModel.swift; sourceTree = "<group>"; };
		C4400F4922FF2A7F003698ED /* SectionModel.swift */ = {isa = PBXFileReference; lastKnownFileType = sourcecode.swift; path = SectionModel.swift; sourceTree = "<group>"; };
		C4400F4B22FF2B20003698ED /* JSONIntToAvailabilityTypeTransform.swift */ = {isa = PBXFileReference; lastKnownFileType = sourcecode.swift; path = JSONIntToAvailabilityTypeTransform.swift; sourceTree = "<group>"; };
		C4400F4D22FF3819003698ED /* Config.swift */ = {isa = PBXFileReference; lastKnownFileType = sourcecode.swift; path = Config.swift; sourceTree = "<group>"; };
		C4400F5422FF46CC003698ED /* SocialCatalystSDK.framework */ = {isa = PBXFileReference; explicitFileType = wrapper.framework; includeInIndex = 0; path = SocialCatalystSDK.framework; sourceTree = BUILT_PRODUCTS_DIR; };
		C4400F5622FF46CC003698ED /* SocialCatalystSDK.h */ = {isa = PBXFileReference; lastKnownFileType = sourcecode.c.h; path = SocialCatalystSDK.h; sourceTree = "<group>"; };
		C4400F5722FF46CC003698ED /* Info.plist */ = {isa = PBXFileReference; lastKnownFileType = text.plist.xml; path = Info.plist; sourceTree = "<group>"; };
		C4AC425722F770720058EEBA /* VKManager.swift */ = {isa = PBXFileReference; lastKnownFileType = sourcecode.swift; path = VKManager.swift; sourceTree = "<group>"; };
		C4AC425922F77A980058EEBA /* String+extension.swift */ = {isa = PBXFileReference; lastKnownFileType = sourcecode.swift; path = "String+extension.swift"; sourceTree = "<group>"; };
		C4AC425B22F77B540058EEBA /* DateManager.swift */ = {isa = PBXFileReference; lastKnownFileType = sourcecode.swift; path = DateManager.swift; sourceTree = "<group>"; };
		C4AC9F6222FC3D110032BAEC /* BackgroundModel.swift */ = {isa = PBXFileReference; lastKnownFileType = sourcecode.swift; path = BackgroundModel.swift; sourceTree = "<group>"; };
		C4AC9F6422FC3DCC0032BAEC /* JSONStringToBackgroundTypeTransform.swift */ = {isa = PBXFileReference; lastKnownFileType = sourcecode.swift; path = JSONStringToBackgroundTypeTransform.swift; sourceTree = "<group>"; };
		C4AC9F7E22FD928B0032BAEC /* MediaAttachmentCell.swift */ = {isa = PBXFileReference; lastKnownFileType = sourcecode.swift; path = MediaAttachmentCell.swift; sourceTree = "<group>"; };
		C4AC9F7F22FD928B0032BAEC /* MediaAttachmentCell.xib */ = {isa = PBXFileReference; lastKnownFileType = file.xib; path = MediaAttachmentCell.xib; sourceTree = "<group>"; };
		C4AC9F8222FD98F00032BAEC /* PageModel.swift */ = {isa = PBXFileReference; lastKnownFileType = sourcecode.swift; path = PageModel.swift; sourceTree = "<group>"; };
		C4AC9F8422FD9A120032BAEC /* JSONIntToWhoCanViewTypeTransform.swift */ = {isa = PBXFileReference; lastKnownFileType = sourcecode.swift; path = JSONIntToWhoCanViewTypeTransform.swift; sourceTree = "<group>"; };
		C4AC9F8622FD9B020032BAEC /* AlbumModel.swift */ = {isa = PBXFileReference; lastKnownFileType = sourcecode.swift; path = AlbumModel.swift; sourceTree = "<group>"; };
		C4AC9F8822FD9D7E0032BAEC /* MarketAlbumModel.swift */ = {isa = PBXFileReference; lastKnownFileType = sourcecode.swift; path = MarketAlbumModel.swift; sourceTree = "<group>"; };
		C4AC9F8A22FD9DF00032BAEC /* StickerModel.swift */ = {isa = PBXFileReference; lastKnownFileType = sourcecode.swift; path = StickerModel.swift; sourceTree = "<group>"; };
		C4AC9F8C22FD9E1E0032BAEC /* ImageModel.swift */ = {isa = PBXFileReference; lastKnownFileType = sourcecode.swift; path = ImageModel.swift; sourceTree = "<group>"; };
		C4AC9F8E22FD9E800032BAEC /* PrettyCardsModel.swift */ = {isa = PBXFileReference; lastKnownFileType = sourcecode.swift; path = PrettyCardsModel.swift; sourceTree = "<group>"; };
		C4AC9F9022FD9EAF0032BAEC /* PrettyCardModel.swift */ = {isa = PBXFileReference; lastKnownFileType = sourcecode.swift; path = PrettyCardModel.swift; sourceTree = "<group>"; };
		C4AC9F9222FD9FBE0032BAEC /* EventModel.swift */ = {isa = PBXFileReference; lastKnownFileType = sourcecode.swift; path = EventModel.swift; sourceTree = "<group>"; };
		C4AC9F9422FDA0670032BAEC /* JSONIntToMemberStatusTransform.swift */ = {isa = PBXFileReference; lastKnownFileType = sourcecode.swift; path = JSONIntToMemberStatusTransform.swift; sourceTree = "<group>"; };
		C4AC9F9622FDA1110032BAEC /* JSONStringToImageTypeTransform.swift */ = {isa = PBXFileReference; lastKnownFileType = sourcecode.swift; path = JSONStringToImageTypeTransform.swift; sourceTree = "<group>"; };
		C4AC9F9822FDA1780032BAEC /* PreviewModel.swift */ = {isa = PBXFileReference; lastKnownFileType = sourcecode.swift; path = PreviewModel.swift; sourceTree = "<group>"; };
		C4AC9F9A22FDA1BA0032BAEC /* AudioMessageModel.swift */ = {isa = PBXFileReference; lastKnownFileType = sourcecode.swift; path = AudioMessageModel.swift; sourceTree = "<group>"; };
		C4E0260622F49B20006BD403 /* Assets.xcassets */ = {isa = PBXFileReference; lastKnownFileType = folder.assetcatalog; path = Assets.xcassets; sourceTree = "<group>"; };
		C4E0261122F4AFA7006BD403 /* NewsVC.swift */ = {isa = PBXFileReference; lastKnownFileType = sourcecode.swift; path = NewsVC.swift; sourceTree = "<group>"; };
		C4E0261322F4D88E006BD403 /* PostCell.swift */ = {isa = PBXFileReference; lastKnownFileType = sourcecode.swift; path = PostCell.swift; sourceTree = "<group>"; };
		C4E0261422F4D88E006BD403 /* PostCell.xib */ = {isa = PBXFileReference; lastKnownFileType = file.xib; path = PostCell.xib; sourceTree = "<group>"; };
		C4E0261722F4E1BE006BD403 /* SocialCatalystSDK.swift */ = {isa = PBXFileReference; lastKnownFileType = sourcecode.swift; path = SocialCatalystSDK.swift; sourceTree = "<group>"; };
		C4E0261922F4E1FE006BD403 /* ColorScheme.swift */ = {isa = PBXFileReference; lastKnownFileType = sourcecode.swift; path = ColorScheme.swift; sourceTree = "<group>"; };
		C4E0261E22F4E584006BD403 /* PostModel.swift */ = {isa = PBXFileReference; lastKnownFileType = sourcecode.swift; path = PostModel.swift; sourceTree = "<group>"; };
		E24B9F100329713E5327249E /* Pods_SocialCatalystSDK.framework */ = {isa = PBXFileReference; explicitFileType = wrapper.framework; includeInIndex = 0; path = Pods_SocialCatalystSDK.framework; sourceTree = BUILT_PRODUCTS_DIR; };
		EA6903D4E178F37EB0C8BE9A /* Pods_OneSignalNotificationServiceExtension.framework */ = {isa = PBXFileReference; explicitFileType = wrapper.framework; includeInIndex = 0; path = Pods_OneSignalNotificationServiceExtension.framework; sourceTree = BUILT_PRODUCTS_DIR; };
/* End PBXFileReference section */

/* Begin PBXFrameworksBuildPhase section */
		C4400F5122FF46CC003698ED /* Frameworks */ = {
			isa = PBXFrameworksBuildPhase;
			buildActionMask = 2147483647;
			files = (
				9E0A9F42142879384A9F71EF /* Pods_SocialCatalystSDK.framework in Frameworks */,
			);
			runOnlyForDeploymentPostprocessing = 0;
		};
/* End PBXFrameworksBuildPhase section */

/* Begin PBXGroup section */
		525CB4854292D2F67BFF8CFF /* Pods */ = {
			isa = PBXGroup;
			children = (
				9572057A6751E32C22D0FE33 /* Pods-SocialCatalystSDK.debug.xcconfig */,
				987226A26A3F93F45AFC430C /* Pods-SocialCatalystSDK.release.xcconfig */,
				7C4CFEB7849BD73DF2642478 /* Pods-SocialCatalyst.debug.xcconfig */,
				612F92024F04B3F7D91FAA03 /* Pods-SocialCatalyst.release.xcconfig */,
			);
			path = Pods;
			sourceTree = "<group>";
		};
		AA7CF0C2471E642A62C1537A /* Frameworks */ = {
			isa = PBXGroup;
			children = (
				C41A04E82300163D00349761 /* SDWebImage.framework */,
				C41A04EA2300163D00349761 /* SVProgressHUD.framework */,
				C41A04EC2300163D00349761 /* VK_ios_sdk.framework */,
				C41A04E22300163800349761 /* FBSDKCoreKit.framework */,
				C41A04E42300163800349761 /* MagicalRecord.framework */,
				C41A04E62300163800349761 /* ObjectMapper.framework */,
				763C0123A523858E8CDD0684 /* Pods_SocialCatalyst.framework */,
				ABC2492168D1C2A85EAAA977 /* Pods_SocialCatalyst_OneSignalNotificationServiceExtension.framework */,
				E24B9F100329713E5327249E /* Pods_SocialCatalystSDK.framework */,
				EA6903D4E178F37EB0C8BE9A /* Pods_OneSignalNotificationServiceExtension.framework */,
			);
			name = Frameworks;
			sourceTree = "<group>";
		};
		C4218DC622FA29B400A643FD /* Extensions */ = {
			isa = PBXGroup;
			children = (
				C4AC425922F77A980058EEBA /* String+extension.swift */,
			);
			path = Extensions;
			sourceTree = "<group>";
		};
		C4218DC722FAE2E800A643FD /* Controllers */ = {
			isa = PBXGroup;
			children = (
				C4E0261122F4AFA7006BD403 /* NewsVC.swift */,
				C4218DB422F9CE9100A643FD /* AboutVC.swift */,
				C4218DB622F9D2F700A643FD /* FavouriteVC.swift */,
				C4218DE222FB08DE00A643FD /* CommentsVC.swift */,
				C4218DE422FB08E800A643FD /* PostVC.swift */,
			);
			path = Controllers;
			sourceTree = "<group>";
		};
		C4218DC822FAE30C00A643FD /* Managers */ = {
			isa = PBXGroup;
			children = (
				C4AC425722F770720058EEBA /* VKManager.swift */,
				C4AC425B22F77B540058EEBA /* DateManager.swift */,
				C4218DC422FA1ED900A643FD /* CoreDataManager.swift */,
				C4218DCD22FAE51B00A643FD /* DataModelManager.swift */,
				C4400F4D22FF3819003698ED /* Config.swift */,
			);
			path = Managers;
			sourceTree = "<group>";
		};
		C4218DC922FAE31D00A643FD /* Views */ = {
			isa = PBXGroup;
			children = (
				C4E0261322F4D88E006BD403 /* PostCell.swift */,
				C4218DEA22FB16BD00A643FD /* CommentCell.swift */,
				C4AC9F7E22FD928B0032BAEC /* MediaAttachmentCell.swift */,
			);
			path = Views;
			sourceTree = "<group>";
		};
		C4218DCA22FAE36600A643FD /* Storyboards */ = {
			isa = PBXGroup;
			children = (
			);
			path = Storyboards;
			sourceTree = "<group>";
		};
		C4218DCB22FAE39600A643FD /* Resources */ = {
			isa = PBXGroup;
			children = (
				C41A04FD23002E6000349761 /* Main.storyboard */,
				C4E0261422F4D88E006BD403 /* PostCell.xib */,
				C41A04F523001F4600349761 /* CommentCell.xib */,
				C4AC9F7F22FD928B0032BAEC /* MediaAttachmentCell.xib */,
				C40FA36623008152004DBAD2 /* index.html */,
				C40FA36423008152004DBAD2 /* safari-reader-check.js */,
				C40FA36523008152004DBAD2 /* safari-reader.js */,
				C4E0260622F49B20006BD403 /* Assets.xcassets */,
			);
			path = Resources;
			sourceTree = "<group>";
		};
		C4218DCC22FAE3AC00A643FD /* Schemes */ = {
			isa = PBXGroup;
			children = (
				C4E0261922F4E1FE006BD403 /* ColorScheme.swift */,
				C4218DBA22F9EF0400A643FD /* SettingsScheme.swift */,
			);
			path = Schemes;
			sourceTree = "<group>";
		};
		C4218DCF22FAF71A00A643FD /* Classes */ = {
			isa = PBXGroup;
			children = (
				C4218DB822F9EBAE00A643FD /* ViewController.swift */,
				C4218DD222FB063400A643FD /* JSONStringToAttachmentTypeTransform.swift */,
				C4AC9F6422FC3DCC0032BAEC /* JSONStringToBackgroundTypeTransform.swift */,
				C4AC9F9622FDA1110032BAEC /* JSONStringToImageTypeTransform.swift */,
				C4218DF622FB629900A643FD /* JSONIntToDocumentTypeTransform.swift */,
				C4AC9F8422FD9A120032BAEC /* JSONIntToWhoCanViewTypeTransform.swift */,
				C4AC9F9422FDA0670032BAEC /* JSONIntToMemberStatusTransform.swift */,
				C4400F4B22FF2B20003698ED /* JSONIntToAvailabilityTypeTransform.swift */,
			);
			path = Classes;
			sourceTree = "<group>";
		};
		C4400F5522FF46CC003698ED /* SocialCatalystSDK */ = {
			isa = PBXGroup;
			children = (
				C4400F5622FF46CC003698ED /* SocialCatalystSDK.h */,
				C4E0261722F4E1BE006BD403 /* SocialCatalystSDK.swift */,
				C4218DCF22FAF71A00A643FD /* Classes */,
				C4218DC822FAE30C00A643FD /* Managers */,
				C4218DCC22FAE3AC00A643FD /* Schemes */,
				C4218DC722FAE2E800A643FD /* Controllers */,
				C4218DC922FAE31D00A643FD /* Views */,
				C4E0261D22F4E51D006BD403 /* Models */,
				C4218DCA22FAE36600A643FD /* Storyboards */,
				C4218DC622FA29B400A643FD /* Extensions */,
				C4AC426A22F8E3620058EEBA /* Reader */,
				C4218DCB22FAE39600A643FD /* Resources */,
				C4400F5722FF46CC003698ED /* Info.plist */,
				C4218DC122FA1D8E00A643FD /* Model.xcdatamodeld */,
			);
			path = SocialCatalystSDK;
			sourceTree = "<group>";
		};
		C4AC426A22F8E3620058EEBA /* Reader */ = {
			isa = PBXGroup;
			children = (
				C41A04F82300281400349761 /* PFWebViewController.h */,
				C41A04F72300281400349761 /* PFWebViewController.m */,
			);
			name = Reader;
			path = ..;
			sourceTree = "<group>";
		};
		C4E025F322F49B1B006BD403 = {
			isa = PBXGroup;
			children = (
				C4400F5522FF46CC003698ED /* SocialCatalystSDK */,
				C4E025FD22F49B1B006BD403 /* Products */,
				525CB4854292D2F67BFF8CFF /* Pods */,
				AA7CF0C2471E642A62C1537A /* Frameworks */,
			);
			sourceTree = "<group>";
		};
		C4E025FD22F49B1B006BD403 /* Products */ = {
			isa = PBXGroup;
			children = (
				C4400F5422FF46CC003698ED /* SocialCatalystSDK.framework */,
			);
			name = Products;
			sourceTree = "<group>";
		};
		C4E0261D22F4E51D006BD403 /* Models */ = {
			isa = PBXGroup;
			children = (
				C4218DD022FB05FE00A643FD /* ArrayModel.swift */,
				C4E0261E22F4E584006BD403 /* PostModel.swift */,
				C4218DD622FB081300A643FD /* CommentsModel.swift */,
				C4218DD422FB073B00A643FD /* CommentModel.swift */,
				C4218DD822FB082900A643FD /* LikesModel.swift */,
				C4218DDA22FB083E00A643FD /* RepostsModel.swift */,
				C4218DDC22FB085800A643FD /* PhotoModel.swift */,
				C4218DDE22FB086F00A643FD /* LinkModel.swift */,
				C4218DE022FB088800A643FD /* AttachmentModel.swift */,
				C4400F3922FF275B003698ED /* PostedPhotoModel.swift */,
				C4400F3B22FF27B1003698ED /* GraffitiModel.swift */,
				C4400F3D22FF2823003698ED /* AppModel.swift */,
				C4218DE622FB0FF800A643FD /* ProfileModel.swift */,
				C4218DE822FB114F00A643FD /* GroupModel.swift */,
				C4218DF022FB5F7E00A643FD /* VideoModel.swift */,
				C4218DF222FB611000A643FD /* AudioModel.swift */,
				C4218DF422FB61F600A643FD /* DocumentModel.swift */,
				C4AC9F9822FDA1780032BAEC /* PreviewModel.swift */,
				C4AC9F9A22FDA1BA0032BAEC /* AudioMessageModel.swift */,
				C4218DFA22FB674300A643FD /* NoteModel.swift */,
				C4218DFC22FB6A0A00A643FD /* PollModel.swift */,
				C4218DFE22FB6ADE00A643FD /* AnswerModel.swift */,
				C4AC9F6222FC3D110032BAEC /* BackgroundModel.swift */,
				C4AC9F8222FD98F00032BAEC /* PageModel.swift */,
				C4AC9F8622FD9B020032BAEC /* AlbumModel.swift */,
				C4400F3F22FF299C003698ED /* MarketItemModel.swift */,
				C4400F4122FF29C4003698ED /* PriceModel.swift */,
				C4400F4322FF29EE003698ED /* CurrencyModel.swift */,
				C4400F4722FF2A50003698ED /* CategoryMarketItemModel.swift */,
				C4400F4922FF2A7F003698ED /* SectionModel.swift */,
				C4AC9F8822FD9D7E0032BAEC /* MarketAlbumModel.swift */,
				C4AC9F8A22FD9DF00032BAEC /* StickerModel.swift */,
				C4AC9F8C22FD9E1E0032BAEC /* ImageModel.swift */,
				C4AC9F8E22FD9E800032BAEC /* PrettyCardsModel.swift */,
				C4AC9F9022FD9EAF0032BAEC /* PrettyCardModel.swift */,
				C4AC9F9222FD9FBE0032BAEC /* EventModel.swift */,
			);
			path = Models;
			sourceTree = "<group>";
		};
/* End PBXGroup section */

/* Begin PBXHeadersBuildPhase section */
		C4400F4F22FF46CC003698ED /* Headers */ = {
			isa = PBXHeadersBuildPhase;
			buildActionMask = 2147483647;
			files = (
				C41A04FA2300281400349761 /* PFWebViewController.h in Headers */,
				C4400F5822FF46CC003698ED /* SocialCatalystSDK.h in Headers */,
			);
			runOnlyForDeploymentPostprocessing = 0;
		};
/* End PBXHeadersBuildPhase section */

/* Begin PBXNativeTarget section */
		C4400F5322FF46CC003698ED /* SocialCatalystSDK */ = {
			isa = PBXNativeTarget;
			buildConfigurationList = C4400F5D22FF46CC003698ED /* Build configuration list for PBXNativeTarget "SocialCatalystSDK" */;
			buildPhases = (
				2A2B9BE6DA1D51EAF659DA1F /* [CP] Check Pods Manifest.lock */,
				C4400F4F22FF46CC003698ED /* Headers */,
				C4400F5022FF46CC003698ED /* Sources */,
				C4400F5122FF46CC003698ED /* Frameworks */,
				C4400F5222FF46CC003698ED /* Resources */,
				2A83246F5603D06C645F3B4D /* [CP] Copy Pods Resources */,
			);
			buildRules = (
			);
			dependencies = (
			);
			name = SocialCatalystSDK;
			productName = SocialCatalystSDK;
			productReference = C4400F5422FF46CC003698ED /* SocialCatalystSDK.framework */;
			productType = "com.apple.product-type.framework";
		};
/* End PBXNativeTarget section */

/* Begin PBXProject section */
		C4E025F422F49B1B006BD403 /* Project object */ = {
			isa = PBXProject;
			attributes = {
				LastSwiftUpdateCheck = 1030;
				LastUpgradeCheck = 1030;
				ORGANIZATIONNAME = "Mikhail Lutskii";
				TargetAttributes = {
					C4400F5322FF46CC003698ED = {
						CreatedOnToolsVersion = 10.3;
					};
				};
			};
			buildConfigurationList = C4E025F722F49B1B006BD403 /* Build configuration list for PBXProject "SocialCatalyst" */;
			compatibilityVersion = "Xcode 9.3";
			developmentRegion = en;
			hasScannedForEncodings = 0;
			knownRegions = (
				en,
				Base,
				ru,
			);
			mainGroup = C4E025F322F49B1B006BD403;
			productRefGroup = C4E025FD22F49B1B006BD403 /* Products */;
			projectDirPath = "";
			projectRoot = "";
			targets = (
				C4400F5322FF46CC003698ED /* SocialCatalystSDK */,
			);
		};
/* End PBXProject section */

/* Begin PBXResourcesBuildPhase section */
		C4400F5222FF46CC003698ED /* Resources */ = {
			isa = PBXResourcesBuildPhase;
			buildActionMask = 2147483647;
			files = (
				C41A04FE23002E6000349761 /* Main.storyboard in Resources */,
				C4400F7D22FF4707003698ED /* MediaAttachmentCell.xib in Resources */,
				C4400F7922FF4707003698ED /* PostCell.xib in Resources */,
				C4400FA422FF4721003698ED /* Assets.xcassets in Resources */,
				C40FA36823008152004DBAD2 /* safari-reader.js in Resources */,
				C40FA36923008152004DBAD2 /* index.html in Resources */,
				C40FA36723008152004DBAD2 /* safari-reader-check.js in Resources */,
				C41A04F623001F4600349761 /* CommentCell.xib in Resources */,
			);
			runOnlyForDeploymentPostprocessing = 0;
		};
/* End PBXResourcesBuildPhase section */

/* Begin PBXShellScriptBuildPhase section */
		2A2B9BE6DA1D51EAF659DA1F /* [CP] Check Pods Manifest.lock */ = {
			isa = PBXShellScriptBuildPhase;
			buildActionMask = 2147483647;
			files = (
			);
			inputFileListPaths = (
			);
			inputPaths = (
				"${PODS_PODFILE_DIR_PATH}/Podfile.lock",
				"${PODS_ROOT}/Manifest.lock",
			);
			name = "[CP] Check Pods Manifest.lock";
			outputFileListPaths = (
			);
			outputPaths = (
				"$(DERIVED_FILE_DIR)/Pods-SocialCatalystSDK-checkManifestLockResult.txt",
			);
			runOnlyForDeploymentPostprocessing = 0;
			shellPath = /bin/sh;
			shellScript = "diff \"${PODS_PODFILE_DIR_PATH}/Podfile.lock\" \"${PODS_ROOT}/Manifest.lock\" > /dev/null\nif [ $? != 0 ] ; then\n    # print error to STDERR\n    echo \"error: The sandbox is not in sync with the Podfile.lock. Run 'pod install' or update your CocoaPods installation.\" >&2\n    exit 1\nfi\n# This output is used by Xcode 'outputs' to avoid re-running this script phase.\necho \"SUCCESS\" > \"${SCRIPT_OUTPUT_FILE_0}\"\n";
			showEnvVarsInLog = 0;
		};
		2A83246F5603D06C645F3B4D /* [CP] Copy Pods Resources */ = {
			isa = PBXShellScriptBuildPhase;
			buildActionMask = 2147483647;
			files = (
			);
			inputFileListPaths = (
			);
			inputPaths = (
				"${PODS_ROOT}/Target Support Files/Pods-SocialCatalystSDK/Pods-SocialCatalystSDK-resources.sh",
				"${PODS_ROOT}/Appodeal/APDStartAppAdapter.embeddedframework/Resources/StartApp.bundle",
				"${PODS_ROOT}/Appodeal/APDTapjoyAdapter.embeddedframework/Tapjoy.framework/Resources/en.lproj",
				"${PODS_ROOT}/Appodeal/APDTapjoyAdapter.embeddedframework/Tapjoy.framework/Resources/TapjoyResources.bundle",
			);
			name = "[CP] Copy Pods Resources";
			outputFileListPaths = (
			);
			outputPaths = (
				"${TARGET_BUILD_DIR}/${UNLOCALIZED_RESOURCES_FOLDER_PATH}/StartApp.bundle",
				"${TARGET_BUILD_DIR}/${UNLOCALIZED_RESOURCES_FOLDER_PATH}/en.lproj",
				"${TARGET_BUILD_DIR}/${UNLOCALIZED_RESOURCES_FOLDER_PATH}/TapjoyResources.bundle",
			);
			runOnlyForDeploymentPostprocessing = 0;
			shellPath = /bin/sh;
			shellScript = "\"${PODS_ROOT}/Target Support Files/Pods-SocialCatalystSDK/Pods-SocialCatalystSDK-resources.sh\"\n";
			showEnvVarsInLog = 0;
		};
/* End PBXShellScriptBuildPhase section */

/* Begin PBXSourcesBuildPhase section */
		C4400F5022FF46CC003698ED /* Sources */ = {
			isa = PBXSourcesBuildPhase;
			buildActionMask = 2147483647;
			files = (
				C4400F8A22FF470D003698ED /* ProfileModel.swift in Sources */,
				C4400F8B22FF470D003698ED /* GroupModel.swift in Sources */,
				C4400F7322FF4703003698ED /* NewsVC.swift in Sources */,
				C4400F6D22FF46F9003698ED /* DataModelManager.swift in Sources */,
				C4400F9122FF470D003698ED /* NoteModel.swift in Sources */,
				C4400F7E22FF470D003698ED /* ArrayModel.swift in Sources */,
				C4400F6F22FF46FB003698ED /* ColorScheme.swift in Sources */,
				C4400F6422FF46F3003698ED /* JSONStringToImageTypeTransform.swift in Sources */,
				C4400F9D22FF470D003698ED /* StickerModel.swift in Sources */,
				C4400F9222FF470D003698ED /* PollModel.swift in Sources */,
				C4400F7A22FF4707003698ED /* CommentCell.swift in Sources */,
				C4400F8622FF470D003698ED /* AttachmentModel.swift in Sources */,
				C4400F8122FF470D003698ED /* CommentModel.swift in Sources */,
				C4400F6122FF46EC003698ED /* ViewController.swift in Sources */,
				C4400F8E22FF470D003698ED /* DocumentModel.swift in Sources */,
				C4400F6E22FF46F9003698ED /* Config.swift in Sources */,
				C4400F9522FF470D003698ED /* PageModel.swift in Sources */,
				C4400F9A22FF470D003698ED /* CategoryMarketItemModel.swift in Sources */,
				C4400F8922FF470D003698ED /* AppModel.swift in Sources */,
				C4400FA022FF470D003698ED /* PrettyCardModel.swift in Sources */,
				C4400F9B22FF470D003698ED /* SectionModel.swift in Sources */,
				C41A04F92300281400349761 /* PFWebViewController.m in Sources */,
				C4400F8D22FF470D003698ED /* AudioModel.swift in Sources */,
				C4400F8722FF470D003698ED /* PostedPhotoModel.swift in Sources */,
				C4400F7022FF46FB003698ED /* SettingsScheme.swift in Sources */,
				C4400F6A22FF46F9003698ED /* VKManager.swift in Sources */,
				C4400FA322FF471C003698ED /* String+extension.swift in Sources */,
				C4400FA522FF4723003698ED /* Model.xcdatamodeld in Sources */,
				C4400F6922FF46F9003698ED /* SocialCatalystSDK.swift in Sources */,
				C4400F7722FF4703003698ED /* PostVC.swift in Sources */,
				C4400FA122FF470D003698ED /* EventModel.swift in Sources */,
				C4400F8322FF470D003698ED /* RepostsModel.swift in Sources */,
				C4400F6322FF46F3003698ED /* JSONStringToBackgroundTypeTransform.swift in Sources */,
				C4400F6522FF46F3003698ED /* JSONIntToDocumentTypeTransform.swift in Sources */,
				C4400F6C22FF46F9003698ED /* CoreDataManager.swift in Sources */,
				C4400F9F22FF470D003698ED /* PrettyCardsModel.swift in Sources */,
				C4400F9722FF470D003698ED /* MarketItemModel.swift in Sources */,
				C4400F6822FF46F3003698ED /* JSONIntToAvailabilityTypeTransform.swift in Sources */,
				C4400F7F22FF470D003698ED /* PostModel.swift in Sources */,
				C4400F7622FF4703003698ED /* CommentsVC.swift in Sources */,
				C4400F6B22FF46F9003698ED /* DateManager.swift in Sources */,
				C4400F6622FF46F3003698ED /* JSONIntToWhoCanViewTypeTransform.swift in Sources */,
				C4400F9422FF470D003698ED /* BackgroundModel.swift in Sources */,
				C4400F8522FF470D003698ED /* LinkModel.swift in Sources */,
				C4400F8C22FF470D003698ED /* VideoModel.swift in Sources */,
				C4400F7C22FF4707003698ED /* MediaAttachmentCell.swift in Sources */,
				C4400F7422FF4703003698ED /* AboutVC.swift in Sources */,
				C4400F9E22FF470D003698ED /* ImageModel.swift in Sources */,
				C4400F7522FF4703003698ED /* FavouriteVC.swift in Sources */,
				C4400F6722FF46F3003698ED /* JSONIntToMemberStatusTransform.swift in Sources */,
				C4400F8F22FF470D003698ED /* PreviewModel.swift in Sources */,
				C4400F8222FF470D003698ED /* LikesModel.swift in Sources */,
				C4400F6222FF46EE003698ED /* JSONStringToAttachmentTypeTransform.swift in Sources */,
				C4400F9822FF470D003698ED /* PriceModel.swift in Sources */,
				C4400F8822FF470D003698ED /* GraffitiModel.swift in Sources */,
				C4400F8422FF470D003698ED /* PhotoModel.swift in Sources */,
				C4400F9622FF470D003698ED /* AlbumModel.swift in Sources */,
				C4400F9022FF470D003698ED /* AudioMessageModel.swift in Sources */,
				C4400F9C22FF470D003698ED /* MarketAlbumModel.swift in Sources */,
				C4400F9922FF470D003698ED /* CurrencyModel.swift in Sources */,
				C4400F9322FF470D003698ED /* AnswerModel.swift in Sources */,
				C4400F7822FF4707003698ED /* PostCell.swift in Sources */,
				C4400F8022FF470D003698ED /* CommentsModel.swift in Sources */,
			);
			runOnlyForDeploymentPostprocessing = 0;
		};
/* End PBXSourcesBuildPhase section */

/* Begin XCBuildConfiguration section */
		C4400F5E22FF46CC003698ED /* Debug */ = {
			isa = XCBuildConfiguration;
			baseConfigurationReference = 9572057A6751E32C22D0FE33 /* Pods-SocialCatalystSDK.debug.xcconfig */;
			buildSettings = {
				APPLICATION_EXTENSION_API_ONLY = NO;
				CODE_SIGN_IDENTITY = "";
				CODE_SIGN_STYLE = Automatic;
				CURRENT_PROJECT_VERSION = 1;
				DEFINES_MODULE = YES;
				DEVELOPMENT_TEAM = 8YBKQD6YZD;
				DYLIB_COMPATIBILITY_VERSION = 1;
				DYLIB_CURRENT_VERSION = 1;
				DYLIB_INSTALL_NAME_BASE = "@rpath";
				EMBED_ASSET_PACKS_IN_PRODUCT_BUNDLE = YES;
				INFOPLIST_FILE = SocialCatalystSDK/Info.plist;
				INSTALL_PATH = "$(LOCAL_LIBRARY_DIR)/Frameworks";
				IPHONEOS_DEPLOYMENT_TARGET = 10.0;
				LD_RUNPATH_SEARCH_PATHS = (
					"$(inherited)",
					"@executable_path/Frameworks",
					"@loader_path/Frameworks",
				);
				PRODUCT_BUNDLE_IDENTIFIER = ru.lwts.SocialCatalystSDK;
				PRODUCT_NAME = "$(TARGET_NAME:c99extidentifier)";
				SKIP_INSTALL = YES;
				SWIFT_VERSION = 5.0;
				TARGETED_DEVICE_FAMILY = "1,2";
				VERSIONING_SYSTEM = "apple-generic";
				VERSION_INFO_PREFIX = "";
			};
			name = Debug;
		};
		C4400F5F22FF46CC003698ED /* Release */ = {
			isa = XCBuildConfiguration;
			baseConfigurationReference = 987226A26A3F93F45AFC430C /* Pods-SocialCatalystSDK.release.xcconfig */;
			buildSettings = {
				APPLICATION_EXTENSION_API_ONLY = NO;
				CODE_SIGN_IDENTITY = "";
				CODE_SIGN_STYLE = Automatic;
				CURRENT_PROJECT_VERSION = 1;
				DEFINES_MODULE = YES;
				DEVELOPMENT_TEAM = 8YBKQD6YZD;
				DYLIB_COMPATIBILITY_VERSION = 1;
				DYLIB_CURRENT_VERSION = 1;
				DYLIB_INSTALL_NAME_BASE = "@rpath";
				EMBED_ASSET_PACKS_IN_PRODUCT_BUNDLE = YES;
				INFOPLIST_FILE = SocialCatalystSDK/Info.plist;
				INSTALL_PATH = "$(LOCAL_LIBRARY_DIR)/Frameworks";
				IPHONEOS_DEPLOYMENT_TARGET = 10.0;
				LD_RUNPATH_SEARCH_PATHS = (
					"$(inherited)",
					"@executable_path/Frameworks",
					"@loader_path/Frameworks",
				);
				PRODUCT_BUNDLE_IDENTIFIER = ru.lwts.SocialCatalystSDK;
				PRODUCT_NAME = "$(TARGET_NAME:c99extidentifier)";
				SKIP_INSTALL = YES;
				SWIFT_VERSION = 5.0;
				TARGETED_DEVICE_FAMILY = "1,2";
				VERSIONING_SYSTEM = "apple-generic";
				VERSION_INFO_PREFIX = "";
			};
			name = Release;
		};
		C4E0260C22F49B20006BD403 /* Debug */ = {
			isa = XCBuildConfiguration;
			buildSettings = {
				ALWAYS_SEARCH_USER_PATHS = NO;
				CLANG_ANALYZER_LOCALIZABILITY_NONLOCALIZED = YES;
				CLANG_ANALYZER_NONNULL = YES;
				CLANG_ANALYZER_NUMBER_OBJECT_CONVERSION = YES_AGGRESSIVE;
				CLANG_CXX_LANGUAGE_STANDARD = "gnu++14";
				CLANG_CXX_LIBRARY = "libc++";
				CLANG_ENABLE_MODULES = YES;
				CLANG_ENABLE_OBJC_ARC = YES;
				CLANG_ENABLE_OBJC_WEAK = YES;
				CLANG_WARN_BLOCK_CAPTURE_AUTORELEASING = YES;
				CLANG_WARN_BOOL_CONVERSION = YES;
				CLANG_WARN_COMMA = YES;
				CLANG_WARN_CONSTANT_CONVERSION = YES;
				CLANG_WARN_DEPRECATED_OBJC_IMPLEMENTATIONS = YES;
				CLANG_WARN_DIRECT_OBJC_ISA_USAGE = YES_ERROR;
				CLANG_WARN_DOCUMENTATION_COMMENTS = YES;
				CLANG_WARN_EMPTY_BODY = YES;
				CLANG_WARN_ENUM_CONVERSION = YES;
				CLANG_WARN_INFINITE_RECURSION = YES;
				CLANG_WARN_INT_CONVERSION = YES;
				CLANG_WARN_NON_LITERAL_NULL_CONVERSION = YES;
				CLANG_WARN_OBJC_IMPLICIT_RETAIN_SELF = YES;
				CLANG_WARN_OBJC_LITERAL_CONVERSION = YES;
				CLANG_WARN_OBJC_ROOT_CLASS = YES_ERROR;
				CLANG_WARN_RANGE_LOOP_ANALYSIS = YES;
				CLANG_WARN_STRICT_PROTOTYPES = YES;
				CLANG_WARN_SUSPICIOUS_MOVE = YES;
				CLANG_WARN_UNGUARDED_AVAILABILITY = YES_AGGRESSIVE;
				CLANG_WARN_UNREACHABLE_CODE = YES;
				CLANG_WARN__DUPLICATE_METHOD_MATCH = YES;
				CODE_SIGN_IDENTITY = "iPhone Developer";
				COPY_PHASE_STRIP = NO;
				DEBUG_INFORMATION_FORMAT = dwarf;
				ENABLE_STRICT_OBJC_MSGSEND = YES;
				ENABLE_TESTABILITY = YES;
				GCC_C_LANGUAGE_STANDARD = gnu11;
				GCC_DYNAMIC_NO_PIC = NO;
				GCC_NO_COMMON_BLOCKS = YES;
				GCC_OPTIMIZATION_LEVEL = 0;
				GCC_PREPROCESSOR_DEFINITIONS = (
					"DEBUG=1",
					"$(inherited)",
				);
				GCC_WARN_64_TO_32_BIT_CONVERSION = YES;
				GCC_WARN_ABOUT_RETURN_TYPE = YES_ERROR;
				GCC_WARN_UNDECLARED_SELECTOR = YES;
				GCC_WARN_UNINITIALIZED_AUTOS = YES_AGGRESSIVE;
				GCC_WARN_UNUSED_FUNCTION = YES;
				GCC_WARN_UNUSED_VARIABLE = YES;
				IPHONEOS_DEPLOYMENT_TARGET = 12.4;
				MTL_ENABLE_DEBUG_INFO = INCLUDE_SOURCE;
				MTL_FAST_MATH = YES;
				ONLY_ACTIVE_ARCH = YES;
				SDKROOT = iphoneos;
				SWIFT_ACTIVE_COMPILATION_CONDITIONS = DEBUG;
				SWIFT_OPTIMIZATION_LEVEL = "-Onone";
			};
			name = Debug;
		};
		C4E0260D22F49B20006BD403 /* Release */ = {
			isa = XCBuildConfiguration;
			buildSettings = {
				ALWAYS_SEARCH_USER_PATHS = NO;
				CLANG_ANALYZER_LOCALIZABILITY_NONLOCALIZED = YES;
				CLANG_ANALYZER_NONNULL = YES;
				CLANG_ANALYZER_NUMBER_OBJECT_CONVERSION = YES_AGGRESSIVE;
				CLANG_CXX_LANGUAGE_STANDARD = "gnu++14";
				CLANG_CXX_LIBRARY = "libc++";
				CLANG_ENABLE_MODULES = YES;
				CLANG_ENABLE_OBJC_ARC = YES;
				CLANG_ENABLE_OBJC_WEAK = YES;
				CLANG_WARN_BLOCK_CAPTURE_AUTORELEASING = YES;
				CLANG_WARN_BOOL_CONVERSION = YES;
				CLANG_WARN_COMMA = YES;
				CLANG_WARN_CONSTANT_CONVERSION = YES;
				CLANG_WARN_DEPRECATED_OBJC_IMPLEMENTATIONS = YES;
				CLANG_WARN_DIRECT_OBJC_ISA_USAGE = YES_ERROR;
				CLANG_WARN_DOCUMENTATION_COMMENTS = YES;
				CLANG_WARN_EMPTY_BODY = YES;
				CLANG_WARN_ENUM_CONVERSION = YES;
				CLANG_WARN_INFINITE_RECURSION = YES;
				CLANG_WARN_INT_CONVERSION = YES;
				CLANG_WARN_NON_LITERAL_NULL_CONVERSION = YES;
				CLANG_WARN_OBJC_IMPLICIT_RETAIN_SELF = YES;
				CLANG_WARN_OBJC_LITERAL_CONVERSION = YES;
				CLANG_WARN_OBJC_ROOT_CLASS = YES_ERROR;
				CLANG_WARN_RANGE_LOOP_ANALYSIS = YES;
				CLANG_WARN_STRICT_PROTOTYPES = YES;
				CLANG_WARN_SUSPICIOUS_MOVE = YES;
				CLANG_WARN_UNGUARDED_AVAILABILITY = YES_AGGRESSIVE;
				CLANG_WARN_UNREACHABLE_CODE = YES;
				CLANG_WARN__DUPLICATE_METHOD_MATCH = YES;
				CODE_SIGN_IDENTITY = "iPhone Developer";
				COPY_PHASE_STRIP = NO;
				DEBUG_INFORMATION_FORMAT = "dwarf-with-dsym";
				ENABLE_NS_ASSERTIONS = NO;
				ENABLE_STRICT_OBJC_MSGSEND = YES;
				GCC_C_LANGUAGE_STANDARD = gnu11;
				GCC_NO_COMMON_BLOCKS = YES;
				GCC_WARN_64_TO_32_BIT_CONVERSION = YES;
				GCC_WARN_ABOUT_RETURN_TYPE = YES_ERROR;
				GCC_WARN_UNDECLARED_SELECTOR = YES;
				GCC_WARN_UNINITIALIZED_AUTOS = YES_AGGRESSIVE;
				GCC_WARN_UNUSED_FUNCTION = YES;
				GCC_WARN_UNUSED_VARIABLE = YES;
				IPHONEOS_DEPLOYMENT_TARGET = 12.4;
				MTL_ENABLE_DEBUG_INFO = NO;
				MTL_FAST_MATH = YES;
				SDKROOT = iphoneos;
				SWIFT_COMPILATION_MODE = wholemodule;
				SWIFT_OPTIMIZATION_LEVEL = "-O";
				VALIDATE_PRODUCT = YES;
			};
			name = Release;
		};
/* End XCBuildConfiguration section */

/* Begin XCConfigurationList section */
		C4400F5D22FF46CC003698ED /* Build configuration list for PBXNativeTarget "SocialCatalystSDK" */ = {
			isa = XCConfigurationList;
			buildConfigurations = (
				C4400F5E22FF46CC003698ED /* Debug */,
				C4400F5F22FF46CC003698ED /* Release */,
			);
			defaultConfigurationIsVisible = 0;
			defaultConfigurationName = Release;
		};
		C4E025F722F49B1B006BD403 /* Build configuration list for PBXProject "SocialCatalyst" */ = {
			isa = XCConfigurationList;
			buildConfigurations = (
				C4E0260C22F49B20006BD403 /* Debug */,
				C4E0260D22F49B20006BD403 /* Release */,
			);
			defaultConfigurationIsVisible = 0;
			defaultConfigurationName = Release;
		};
/* End XCConfigurationList section */

/* Begin XCVersionGroup section */
		C4218DC122FA1D8E00A643FD /* Model.xcdatamodeld */ = {
			isa = XCVersionGroup;
			children = (
				C4218DC222FA1D8E00A643FD /* Model.xcdatamodel */,
			);
			currentVersion = C4218DC222FA1D8E00A643FD /* Model.xcdatamodel */;
			path = Model.xcdatamodeld;
			sourceTree = "<group>";
			versionGroupType = wrapper.xcdatamodel;
		};
/* End XCVersionGroup section */
	};
	rootObject = C4E025F422F49B1B006BD403 /* Project object */;
}
